{
  "pins" : [
    {
      "identity" : "bnappfoundation",
      "kind" : "remoteSourceControl",
      "location" : "https://github.com/botirjon/BNAppFoundation.git",
      "state" : {
        "revision" : "7d42bd5126210e359be73db66a90ce387db0dfdb",
        "version" : "1.4.0"
      }
    }
  ],
  "version" : 2
}
