{
  "pins" : [
    {
      "identity" : "bnappfoundationpackage",
      "kind" : "remoteSourceControl",
      "location" : "https://github.com/botirjon/BNAppFoundationPackage.git",
      "state" : {
        "revision" : "f23183cf4364bda0f6a3ba8f48dd2257def131e2",
        "version" : "1.2.0"
      }
    }
  ],
  "version" : 2
}
